// !$*UTF8*$!
{
	archiveVersion = 1;
	classes = {
	};
	objectVersion = 56;
	objects = {

/* Begin PBXBuildFile section */
		C91935E72AE03C1F0043EC75 /* FlightApp_WB_TestTaskApp.swift in Sources */ = {isa = PBXBuildFile; fileRef = C91935E62AE03C1F0043EC75 /* FlightApp_WB_TestTaskApp.swift */; };
		C91935EB2AE03C2A0043EC75 /* Assets.xcassets in Resources */ = {isa = PBXBuildFile; fileRef = C91935EA2AE03C2A0043EC75 /* Assets.xcassets */; };
		C91935EE2AE03C2A0043EC75 /* Preview Assets.xcassets in Resources */ = {isa = PBXBuildFile; fileRef = C91935ED2AE03C2A0043EC75 /* Preview Assets.xcassets */; };
		C91935F82AE03DA60043EC75 /* FlightView.swift in Sources */ = {isa = PBXBuildFile; fileRef = C91935F72AE03DA60043EC75 /* FlightView.swift */; };
		C91935FA2AE03DD80043EC75 /* FlightViewModel.swift in Sources */ = {isa = PBXBuildFile; fileRef = C91935F92AE03DD80043EC75 /* FlightViewModel.swift */; };
		C91935FC2AE03E080043EC75 /* FlightData.swift in Sources */ = {isa = PBXBuildFile; fileRef = C91935FB2AE03E080043EC75 /* FlightData.swift */; };
		C91935FE2AE03E4E0043EC75 /* FlightDetailView.swift in Sources */ = {isa = PBXBuildFile; fileRef = C91935FD2AE03E4E0043EC75 /* FlightDetailView.swift */; };
		C91936002AE03E6C0043EC75 /* FlightCellView.swift in Sources */ = {isa = PBXBuildFile; fileRef = C91935FF2AE03E6C0043EC75 /* FlightCellView.swift */; };
		C91936032AE03F050043EC75 /* Lottie in Frameworks */ = {isa = PBXBuildFile; productRef = C91936022AE03F050043EC75 /* Lottie */; };
		C91936062AE03F570043EC75 /* LottieView.swift in Sources */ = {isa = PBXBuildFile; fileRef = C91936052AE03F570043EC75 /* LottieView.swift */; };
		C919360A2AE040D70043EC75 /* flight.json in Resources */ = {isa = PBXBuildFile; fileRef = C91936092AE040D70043EC75 /* flight.json */; };
		C919360D2AE041920043EC75 /* Extension.swift in Sources */ = {isa = PBXBuildFile; fileRef = C919360C2AE041920043EC75 /* Extension.swift */; };
/* End PBXBuildFile section */

/* Begin PBXFileReference section */
		C91935E32AE03C1F0043EC75 /* FlightApp-WB-TestTask.app */ = {isa = PBXFileReference; explicitFileType = wrapper.application; includeInIndex = 0; path = "FlightApp-WB-TestTask.app"; sourceTree = BUILT_PRODUCTS_DIR; };
		C91935E62AE03C1F0043EC75 /* FlightApp_WB_TestTaskApp.swift */ = {isa = PBXFileReference; lastKnownFileType = sourcecode.swift; path = FlightApp_WB_TestTaskApp.swift; sourceTree = "<group>"; };
		C91935EA2AE03C2A0043EC75 /* Assets.xcassets */ = {isa = PBXFileReference; lastKnownFileType = folder.assetcatalog; path = Assets.xcassets; sourceTree = "<group>"; };
		C91935ED2AE03C2A0043EC75 /* Preview Assets.xcassets */ = {isa = PBXFileReference; lastKnownFileType = folder.assetcatalog; path = "Preview Assets.xcassets"; sourceTree = "<group>"; };
		C91935F72AE03DA60043EC75 /* FlightView.swift */ = {isa = PBXFileReference; lastKnownFileType = sourcecode.swift; path = FlightView.swift; sourceTree = "<group>"; };
		C91935F92AE03DD80043EC75 /* FlightViewModel.swift */ = {isa = PBXFileReference; lastKnownFileType = sourcecode.swift; path = FlightViewModel.swift; sourceTree = "<group>"; };
		C91935FB2AE03E080043EC75 /* FlightData.swift */ = {isa = PBXFileReference; lastKnownFileType = sourcecode.swift; path = FlightData.swift; sourceTree = "<group>"; };
		C91935FD2AE03E4E0043EC75 /* FlightDetailView.swift */ = {isa = PBXFileReference; lastKnownFileType = sourcecode.swift; path = FlightDetailView.swift; sourceTree = "<group>"; };
		C91935FF2AE03E6C0043EC75 /* FlightCellView.swift */ = {isa = PBXFileReference; lastKnownFileType = sourcecode.swift; path = FlightCellView.swift; sourceTree = "<group>"; };
		C91936052AE03F570043EC75 /* LottieView.swift */ = {isa = PBXFileReference; lastKnownFileType = sourcecode.swift; path = LottieView.swift; sourceTree = "<group>"; };
		C91936092AE040D70043EC75 /* flight.json */ = {isa = PBXFileReference; fileEncoding = 4; lastKnownFileType = text.json; name = flight.json; path = "../../../../Архив/flight.json"; sourceTree = "<group>"; };
		C919360C2AE041920043EC75 /* Extension.swift */ = {isa = PBXFileReference; lastKnownFileType = sourcecode.swift; path = Extension.swift; sourceTree = "<group>"; };
/* End PBXFileReference section */

/* Begin PBXFrameworksBuildPhase section */
		C91935E02AE03C1F0043EC75 /* Frameworks */ = {
			isa = PBXFrameworksBuildPhase;
			buildActionMask = 2147483647;
			files = (
				C91936032AE03F050043EC75 /* Lottie in Frameworks */,
			);
			runOnlyForDeploymentPostprocessing = 0;
		};
/* End PBXFrameworksBuildPhase section */

/* Begin PBXGroup section */
		C91935DA2AE03C1F0043EC75 = {
			isa = PBXGroup;
			children = (
				C91935E52AE03C1F0043EC75 /* FlightApp-WB-TestTask */,
				C91935E42AE03C1F0043EC75 /* Products */,
			);
			sourceTree = "<group>";
		};
		C91935E42AE03C1F0043EC75 /* Products */ = {
			isa = PBXGroup;
			children = (
				C91935E32AE03C1F0043EC75 /* FlightApp-WB-TestTask.app */,
			);
			name = Products;
			sourceTree = "<group>";
		};
		C91935E52AE03C1F0043EC75 /* FlightApp-WB-TestTask */ = {
			isa = PBXGroup;
			children = (
				C91935E62AE03C1F0043EC75 /* FlightApp_WB_TestTaskApp.swift */,
				C91935F42AE03D4D0043EC75 /* Model */,
				C91935F52AE03D550043EC75 /* View */,
				C91935F62AE03D600043EC75 /* ViewModel */,
				C91936042AE03F440043EC75 /* Lottie */,
				C919360B2AE0417A0043EC75 /* Extension */,
				C91935EA2AE03C2A0043EC75 /* Assets.xcassets */,
				C91935EC2AE03C2A0043EC75 /* Preview Content */,
			);
			path = "FlightApp-WB-TestTask";
			sourceTree = "<group>";
		};
		C91935EC2AE03C2A0043EC75 /* Preview Content */ = {
			isa = PBXGroup;
			children = (
				C91935ED2AE03C2A0043EC75 /* Preview Assets.xcassets */,
			);
			path = "Preview Content";
			sourceTree = "<group>";
		};
		C91935F42AE03D4D0043EC75 /* Model */ = {
			isa = PBXGroup;
			children = (
				C91935FB2AE03E080043EC75 /* FlightData.swift */,
			);
			path = Model;
			sourceTree = "<group>";
		};
		C91935F52AE03D550043EC75 /* View */ = {
			isa = PBXGroup;
			children = (
				C91935F72AE03DA60043EC75 /* FlightView.swift */,
				C91935FD2AE03E4E0043EC75 /* FlightDetailView.swift */,
				C91935FF2AE03E6C0043EC75 /* FlightCellView.swift */,
			);
			path = View;
			sourceTree = "<group>";
		};
		C91935F62AE03D600043EC75 /* ViewModel */ = {
			isa = PBXGroup;
			children = (
				C91935F92AE03DD80043EC75 /* FlightViewModel.swift */,
			);
			path = ViewModel;
			sourceTree = "<group>";
		};
		C91936042AE03F440043EC75 /* Lottie */ = {
			isa = PBXGroup;
			children = (
				C91936052AE03F570043EC75 /* LottieView.swift */,
				C91936092AE040D70043EC75 /* flight.json */,
			);
			path = Lottie;
			sourceTree = "<group>";
		};
		C919360B2AE0417A0043EC75 /* Extension */ = {
			isa = PBXGroup;
			children = (
				C919360C2AE041920043EC75 /* Extension.swift */,
			);
			path = Extension;
			sourceTree = "<group>";
		};
/* End PBXGroup section */

/* Begin PBXNativeTarget section */
		C91935E22AE03C1F0043EC75 /* FlightApp-WB-TestTask */ = {
			isa = PBXNativeTarget;
			buildConfigurationList = C91935F12AE03C2A0043EC75 /* Build configuration list for PBXNativeTarget "FlightApp-WB-TestTask" */;
			buildPhases = (
				C91935DF2AE03C1F0043EC75 /* Sources */,
				C91935E02AE03C1F0043EC75 /* Frameworks */,
				C91935E12AE03C1F0043EC75 /* Resources */,
			);
			buildRules = (
			);
			dependencies = (
			);
			name = "FlightApp-WB-TestTask";
			packageProductDependencies = (
				C91936022AE03F050043EC75 /* Lottie */,
			);
			productName = "FlightApp-WB-TestTask";
			productReference = C91935E32AE03C1F0043EC75 /* FlightApp-WB-TestTask.app */;
			productType = "com.apple.product-type.application";
		};
/* End PBXNativeTarget section */

/* Begin PBXProject section */
		C91935DB2AE03C1F0043EC75 /* Project object */ = {
			isa = PBXProject;
			attributes = {
				BuildIndependentTargetsInParallel = 1;
				LastSwiftUpdateCheck = 1500;
				LastUpgradeCheck = 1500;
				TargetAttributes = {
					C91935E22AE03C1F0043EC75 = {
						CreatedOnToolsVersion = 15.0;
					};
				};
			};
			buildConfigurationList = C91935DE2AE03C1F0043EC75 /* Build configuration list for PBXProject "FlightApp-WB-TestTask" */;
			compatibilityVersion = "Xcode 14.0";
			developmentRegion = en;
			hasScannedForEncodings = 0;
			knownRegions = (
				en,
				Base,
			);
			mainGroup = C91935DA2AE03C1F0043EC75;
			packageReferences = (
				C91936012AE03F050043EC75 /* XCRemoteSwiftPackageReference "lottie-ios" */,
			);
			productRefGroup = C91935E42AE03C1F0043EC75 /* Products */;
			projectDirPath = "";
			projectRoot = "";
			targets = (
				C91935E22AE03C1F0043EC75 /* FlightApp-WB-TestTask */,
			);
		};
/* End PBXProject section */

/* Begin PBXResourcesBuildPhase section */
		C91935E12AE03C1F0043EC75 /* Resources */ = {
			isa = PBXResourcesBuildPhase;
			buildActionMask = 2147483647;
			files = (
				C919360A2AE040D70043EC75 /* flight.json in Resources */,
				C91935EE2AE03C2A0043EC75 /* Preview Assets.xcassets in Resources */,
				C91935EB2AE03C2A0043EC75 /* Assets.xcassets in Resources */,
			);
			runOnlyForDeploymentPostprocessing = 0;
		};
/* End PBXResourcesBuildPhase section */

/* Begin PBXSourcesBuildPhase section */
		C91935DF2AE03C1F0043EC75 /* Sources */ = {
			isa = PBXSourcesBuildPhase;
			buildActionMask = 2147483647;
			files = (
				C91935FA2AE03DD80043EC75 /* FlightViewModel.swift in Sources */,
				C91935F82AE03DA60043EC75 /* FlightView.swift in Sources */,
				C91936002AE03E6C0043EC75 /* FlightCellView.swift in Sources */,
				C91935E72AE03C1F0043EC75 /* FlightApp_WB_TestTaskApp.swift in Sources */,
				C91936062AE03F570043EC75 /* LottieView.swift in Sources */,
				C91935FE2AE03E4E0043EC75 /* FlightDetailView.swift in Sources */,
				C91935FC2AE03E080043EC75 /* FlightData.swift in Sources */,
				C919360D2AE041920043EC75 /* Extension.swift in Sources */,
			);
			runOnlyForDeploymentPostprocessing = 0;
		};
/* End PBXSourcesBuildPhase section */

/* Begin XCBuildConfiguration section */
		C91935EF2AE03C2A0043EC75 /* Debug */ = {
			isa = XCBuildConfiguration;
			buildSettings = {
				ALWAYS_SEARCH_USER_PATHS = NO;
				ASSETCATALOG_COMPILER_GENERATE_SWIFT_ASSET_SYMBOL_EXTENSIONS = YES;
				CLANG_ANALYZER_NONNULL = YES;
				CLANG_ANALYZER_NUMBER_OBJECT_CONVERSION = YES_AGGRESSIVE;
				CLANG_CXX_LANGUAGE_STANDARD = "gnu++20";
				CLANG_ENABLE_MODULES = YES;
				CLANG_ENABLE_OBJC_ARC = YES;
				CLANG_ENABLE_OBJC_WEAK = YES;
				CLANG_WARN_BLOCK_CAPTURE_AUTORELEASING = YES;
				CLANG_WARN_BOOL_CONVERSION = YES;
				CLANG_WARN_COMMA = YES;
				CLANG_WARN_CONSTANT_CONVERSION = YES;
				CLANG_WARN_DEPRECATED_OBJC_IMPLEMENTATIONS = YES;
				CLANG_WARN_DIRECT_OBJC_ISA_USAGE = YES_ERROR;
				CLANG_WARN_DOCUMENTATION_COMMENTS = YES;
				CLANG_WARN_EMPTY_BODY = YES;
				CLANG_WARN_ENUM_CONVERSION = YES;
				CLANG_WARN_INFINITE_RECURSION = YES;
				CLANG_WARN_INT_CONVERSION = YES;
				CLANG_WARN_NON_LITERAL_NULL_CONVERSION = YES;
				CLANG_WARN_OBJC_IMPLICIT_RETAIN_SELF = YES;
				CLANG_WARN_OBJC_LITERAL_CONVERSION = YES;
				CLANG_WARN_OBJC_ROOT_CLASS = YES_ERROR;
				CLANG_WARN_QUOTED_INCLUDE_IN_FRAMEWORK_HEADER = YES;
				CLANG_WARN_RANGE_LOOP_ANALYSIS = YES;
				CLANG_WARN_STRICT_PROTOTYPES = YES;
				CLANG_WARN_SUSPICIOUS_MOVE = YES;
				CLANG_WARN_UNGUARDED_AVAILABILITY = YES_AGGRESSIVE;
				CLANG_WARN_UNREACHABLE_CODE = YES;
				CLANG_WARN__DUPLICATE_METHOD_MATCH = YES;
				COPY_PHASE_STRIP = NO;
				DEBUG_INFORMATION_FORMAT = dwarf;
				ENABLE_STRICT_OBJC_MSGSEND = YES;
				ENABLE_TESTABILITY = YES;
				ENABLE_USER_SCRIPT_SANDBOXING = YES;
				GCC_C_LANGUAGE_STANDARD = gnu17;
				GCC_DYNAMIC_NO_PIC = NO;
				GCC_NO_COMMON_BLOCKS = YES;
				GCC_OPTIMIZATION_LEVEL = 0;
				GCC_PREPROCESSOR_DEFINITIONS = (
					"DEBUG=1",
					"$(inherited)",
				);
				GCC_WARN_64_TO_32_BIT_CONVERSION = YES;
				GCC_WARN_ABOUT_RETURN_TYPE = YES_ERROR;
				GCC_WARN_UNDECLARED_SELECTOR = YES;
				GCC_WARN_UNINITIALIZED_AUTOS = YES_AGGRESSIVE;
				GCC_WARN_UNUSED_FUNCTION = YES;
				GCC_WARN_UNUSED_VARIABLE = YES;
				IPHONEOS_DEPLOYMENT_TARGET = 17.0;
				LOCALIZATION_PREFERS_STRING_CATALOGS = YES;
				MTL_ENABLE_DEBUG_INFO = INCLUDE_SOURCE;
				MTL_FAST_MATH = YES;
				ONLY_ACTIVE_ARCH = YES;
				SDKROOT = iphoneos;
				SWIFT_ACTIVE_COMPILATION_CONDITIONS = "DEBUG $(inherited)";
				SWIFT_OPTIMIZATION_LEVEL = "-Onone";
			};
			name = Debug;
		};
		C91935F02AE03C2A0043EC75 /* Release */ = {
			isa = XCBuildConfiguration;
			buildSettings = {
				ALWAYS_SEARCH_USER_PATHS = NO;
				ASSETCATALOG_COMPILER_GENERATE_SWIFT_ASSET_SYMBOL_EXTENSIONS = YES;
				CLANG_ANALYZER_NONNULL = YES;
				CLANG_ANALYZER_NUMBER_OBJECT_CONVERSION = YES_AGGRESSIVE;
				CLANG_CXX_LANGUAGE_STANDARD = "gnu++20";
				CLANG_ENABLE_MODULES = YES;
				CLANG_ENABLE_OBJC_ARC = YES;
				CLANG_ENABLE_OBJC_WEAK = YES;
				CLANG_WARN_BLOCK_CAPTURE_AUTORELEASING = YES;
				CLANG_WARN_BOOL_CONVERSION = YES;
				CLANG_WARN_COMMA = YES;
				CLANG_WARN_CONSTANT_CONVERSION = YES;
				CLANG_WARN_DEPRECATED_OBJC_IMPLEMENTATIONS = YES;
				CLANG_WARN_DIRECT_OBJC_ISA_USAGE = YES_ERROR;
				CLANG_WARN_DOCUMENTATION_COMMENTS = YES;
				CLANG_WARN_EMPTY_BODY = YES;
				CLANG_WARN_ENUM_CONVERSION = YES;
				CLANG_WARN_INFINITE_RECURSION = YES;
				CLANG_WARN_INT_CONVERSION = YES;
				CLANG_WARN_NON_LITERAL_NULL_CONVERSION = YES;
				CLANG_WARN_OBJC_IMPLICIT_RETAIN_SELF = YES;
				CLANG_WARN_OBJC_LITERAL_CONVERSION = YES;
				CLANG_WARN_OBJC_ROOT_CLASS = YES_ERROR;
				CLANG_WARN_QUOTED_INCLUDE_IN_FRAMEWORK_HEADER = YES;
				CLANG_WARN_RANGE_LOOP_ANALYSIS = YES;
				CLANG_WARN_STRICT_PROTOTYPES = YES;
				CLANG_WARN_SUSPICIOUS_MOVE = YES;
				CLANG_WARN_UNGUARDED_AVAILABILITY = YES_AGGRESSIVE;
				CLANG_WARN_UNREACHABLE_CODE = YES;
				CLANG_WARN__DUPLICATE_METHOD_MATCH = YES;
				COPY_PHASE_STRIP = NO;
				DEBUG_INFORMATION_FORMAT = "dwarf-with-dsym";
				ENABLE_NS_ASSERTIONS = NO;
				ENABLE_STRICT_OBJC_MSGSEND = YES;
				ENABLE_USER_SCRIPT_SANDBOXING = YES;
				GCC_C_LANGUAGE_STANDARD = gnu17;
				GCC_NO_COMMON_BLOCKS = YES;
				GCC_WARN_64_TO_32_BIT_CONVERSION = YES;
				GCC_WARN_ABOUT_RETURN_TYPE = YES_ERROR;
				GCC_WARN_UNDECLARED_SELECTOR = YES;
				GCC_WARN_UNINITIALIZED_AUTOS = YES_AGGRESSIVE;
				GCC_WARN_UNUSED_FUNCTION = YES;
				GCC_WARN_UNUSED_VARIABLE = YES;
				IPHONEOS_DEPLOYMENT_TARGET = 17.0;
				LOCALIZATION_PREFERS_STRING_CATALOGS = YES;
				MTL_ENABLE_DEBUG_INFO = NO;
				MTL_FAST_MATH = YES;
				SDKROOT = iphoneos;
				SWIFT_COMPILATION_MODE = wholemodule;
				VALIDATE_PRODUCT = YES;
			};
			name = Release;
		};
		C91935F22AE03C2A0043EC75 /* Debug */ = {
			isa = XCBuildConfiguration;
			buildSettings = {
				ASSETCATALOG_COMPILER_APPICON_NAME = AppIcon;
				ASSETCATALOG_COMPILER_GLOBAL_ACCENT_COLOR_NAME = AccentColor;
				CODE_SIGN_STYLE = Automatic;
				CURRENT_PROJECT_VERSION = 1;
				DEVELOPMENT_ASSET_PATHS = "\"FlightApp-WB-TestTask/Preview Content\"";
				DEVELOPMENT_TEAM = VFMBL3LXSP;
				ENABLE_PREVIEWS = YES;
				GENERATE_INFOPLIST_FILE = YES;
				INFOPLIST_KEY_UIApplicationSceneManifest_Generation = YES;
				INFOPLIST_KEY_UIApplicationSupportsIndirectInputEvents = YES;
				INFOPLIST_KEY_UILaunchScreen_Generation = YES;
				INFOPLIST_KEY_UISupportedInterfaceOrientations = UIInterfaceOrientationPortrait;
				INFOPLIST_KEY_UISupportedInterfaceOrientations_iPad = "UIInterfaceOrientationLandscapeLeft UIInterfaceOrientationLandscapeRight UIInterfaceOrientationPortrait UIInterfaceOrientationPortraitUpsideDown";
				LD_RUNPATH_SEARCH_PATHS = (
					"$(inherited)",
					"@executable_path/Frameworks",
				);
				MARKETING_VERSION = 1.0;
				PRODUCT_BUNDLE_IDENTIFIER = "k4.FlightApp-WB-TestTask";
				PRODUCT_NAME = "$(TARGET_NAME)";
				SUPPORTED_PLATFORMS = "iphoneos iphonesimulator";
				SUPPORTS_MACCATALYST = NO;
				SUPPORTS_MAC_DESIGNED_FOR_IPHONE_IPAD = NO;
				SWIFT_EMIT_LOC_STRINGS = YES;
				SWIFT_VERSION = 5.0;
				TARGETED_DEVICE_FAMILY = 1;
			};
			name = Debug;
		};
		C91935F32AE03C2A0043EC75 /* Release */ = {
			isa = XCBuildConfiguration;
			buildSettings = {
				ASSETCATALOG_COMPILER_APPICON_NAME = AppIcon;
				ASSETCATALOG_COMPILER_GLOBAL_ACCENT_COLOR_NAME = AccentColor;
				CODE_SIGN_STYLE = Automatic;
				CURRENT_PROJECT_VERSION = 1;
				DEVELOPMENT_ASSET_PATHS = "\"FlightApp-WB-TestTask/Preview Content\"";
				DEVELOPMENT_TEAM = VFMBL3LXSP;
				ENABLE_PREVIEWS = YES;
				GENERATE_INFOPLIST_FILE = YES;
				INFOPLIST_KEY_UIApplicationSceneManifest_Generation = YES;
				INFOPLIST_KEY_UIApplicationSupportsIndirectInputEvents = YES;
				INFOPLIST_KEY_UILaunchScreen_Generation = YES;
				INFOPLIST_KEY_UISupportedInterfaceOrientations = UIInterfaceOrientationPortrait;
				INFOPLIST_KEY_UISupportedInterfaceOrientations_iPad = "UIInterfaceOrientationLandscapeLeft UIInterfaceOrientationLandscapeRight UIInterfaceOrientationPortrait UIInterfaceOrientationPortraitUpsideDown";
				LD_RUNPATH_SEARCH_PATHS = (
					"$(inherited)",
					"@executable_path/Frameworks",
				);
				MARKETING_VERSION = 1.0;
				PRODUCT_BUNDLE_IDENTIFIER = "k4.FlightApp-WB-TestTask";
				PRODUCT_NAME = "$(TARGET_NAME)";
				SUPPORTED_PLATFORMS = "iphoneos iphonesimulator";
				SUPPORTS_MACCATALYST = NO;
				SUPPORTS_MAC_DESIGNED_FOR_IPHONE_IPAD = NO;
				SWIFT_EMIT_LOC_STRINGS = YES;
				SWIFT_VERSION = 5.0;
				TARGETED_DEVICE_FAMILY = 1;
			};
			name = Release;
		};
/* End XCBuildConfiguration section */

/* Begin XCConfigurationList section */
		C91935DE2AE03C1F0043EC75 /* Build configuration list for PBXProject "FlightApp-WB-TestTask" */ = {
			isa = XCConfigurationList;
			buildConfigurations = (
				C91935EF2AE03C2A0043EC75 /* Debug */,
				C91935F02AE03C2A0043EC75 /* Release */,
			);
			defaultConfigurationIsVisible = 0;
			defaultConfigurationName = Release;
		};
		C91935F12AE03C2A0043EC75 /* Build configuration list for PBXNativeTarget "FlightApp-WB-TestTask" */ = {
			isa = XCConfigurationList;
			buildConfigurations = (
				C91935F22AE03C2A0043EC75 /* Debug */,
				C91935F32AE03C2A0043EC75 /* Release */,
			);
			defaultConfigurationIsVisible = 0;
			defaultConfigurationName = Release;
		};
/* End XCConfigurationList section */

/* Begin XCRemoteSwiftPackageReference section */
		C91936012AE03F050043EC75 /* XCRemoteSwiftPackageReference "lottie-ios" */ = {
			isa = XCRemoteSwiftPackageReference;
			repositoryURL = "https://github.com/airbnb/lottie-ios";
			requirement = {
				kind = upToNextMajorVersion;
				minimumVersion = 4.3.3;
			};
		};
/* End XCRemoteSwiftPackageReference section */

/* Begin XCSwiftPackageProductDependency section */
		C91936022AE03F050043EC75 /* Lottie */ = {
			isa = XCSwiftPackageProductDependency;
			package = C91936012AE03F050043EC75 /* XCRemoteSwiftPackageReference "lottie-ios" */;
			productName = Lottie;
		};
/* End XCSwiftPackageProductDependency section */
	};
	rootObject = C91935DB2AE03C1F0043EC75 /* Project object */;
}
